// !$*UTF8*$!
{
	archiveVersion = 1;
	classes = {
	};
	objectVersion = 56;
	objects = {

/* Begin PBXBuildFile section */
		AA0001 /* AppDelegate.swift in Sources */ = {isa = PBXBuildFile; fileRef = AA0002 /* AppDelegate.swift */; };
		AA0003 /* SceneDelegate.swift in Sources */ = {isa = PBXBuildFile; fileRef = AA0004 /* SceneDelegate.swift */; };
		AA0005 /* SplashViewController.swift in Sources */ = {isa = PBXBuildFile; fileRef = AA0006 /* SplashViewController.swift */; };
		AA0007 /* LoginViewController.swift in Sources */ = {isa = PBXBuildFile; fileRef = AA0008 /* LoginViewController.swift */; };
		AA0009 /* SignupViewController.swift in Sources */ = {isa = PBXBuildFile; fileRef = AA0010 /* SignupViewController.swift */; };
		AA0011 /* SignupAgencyViewController.swift in Sources */ = {isa = PBXBuildFile; fileRef = AA0012 /* SignupAgencyViewController.swift */; };
		AA0013 /* MainTabBarController.swift in Sources */ = {isa = PBXBuildFile; fileRef = AA0014 /* MainTabBarController.swift */; };
		AA0015 /* HomeViewController.swift in Sources */ = {isa = PBXBuildFile; fileRef = AA0016 /* HomeViewController.swift */; };
		AA0017 /* InsurancesViewController.swift in Sources */ = {isa = PBXBuildFile; fileRef = AA0018 /* InsurancesViewController.swift */; };
		AA0019 /* OffersViewController.swift in Sources */ = {isa = PBXBuildFile; fileRef = AA0020 /* OffersViewController.swift */; };
		AA0021 /* GroupsViewController.swift in Sources */ = {isa = PBXBuildFile; fileRef = AA0022 /* GroupsViewController.swift */; };
		AA0023 /* ProfileViewController.swift in Sources */ = {isa = PBXBuildFile; fileRef = AA0024 /* ProfileViewController.swift */; };
		AA0025 /* AuthService.swift in Sources */ = {isa = PBXBuildFile; fileRef = AA0026 /* AuthService.swift */; };
		AA0027 /* NetworkService.swift in Sources */ = {isa = PBXBuildFile; fileRef = AA0028 /* NetworkService.swift */; };
		AA0029 /* WebSocketService.swift in Sources */ = {isa = PBXBuildFile; fileRef = AA0030 /* WebSocketService.swift */; };
		AA0031 /* User.swift in Sources */ = {isa = PBXBuildFile; fileRef = AA0032 /* User.swift */; };
		AA0033 /* Config.swift in Sources */ = {isa = PBXBuildFile; fileRef = AA0034 /* Config.swift */; };
		AA0035 /* Extensions.swift in Sources */ = {isa = PBXBuildFile; fileRef = AA0036 /* Extensions.swift */; };
		AA0037 /* Validators.swift in Sources */ = {isa = PBXBuildFile; fileRef = AA0038 /* Validators.swift */; };
		AA0039 /* Assets.xcassets in Resources */ = {isa = PBXBuildFile; fileRef = AA0040 /* Assets.xcassets */; };
		AA0041 /* LaunchScreen.storyboard in Resources */ = {isa = PBXBuildFile; fileRef = AA0042 /* LaunchScreen.storyboard */; };
		AA0045 /* SocketIO in Frameworks */ = {isa = PBXBuildFile; productRef = AA0044 /* SocketIO */; };
		AA0069 /* VoyageListViewController.swift in Sources */ = {isa = PBXBuildFile; fileRef = AA0070 /* VoyageListViewController.swift */; };
		AA0071 /* VoyageDetailViewController.swift in Sources */ = {isa = PBXBuildFile; fileRef = AA0072 /* VoyageDetailViewController.swift */; };
		AA0073 /* CreateVoyageViewController.swift in Sources */ = {isa = PBXBuildFile; fileRef = AA0074 /* CreateVoyageViewController.swift */; };
		AA0075 /* EditVoyageViewController.swift in Sources */ = {isa = PBXBuildFile; fileRef = AA0076 /* EditVoyageViewController.swift */; };
		AA0077 /* CreateReservationViewController.swift in Sources */ = {isa = PBXBuildFile; fileRef = AA0078 /* CreateReservationViewController.swift */; };
		AA0079 /* ReservationListViewController.swift in Sources */ = {isa = PBXBuildFile; fileRef = AA0080 /* ReservationListViewController.swift */; };
		AA0081 /* Voyage.swift in Sources */ = {isa = PBXBuildFile; fileRef = AA0082 /* Voyage.swift */; };
		AA0083 /* Reservation.swift in Sources */ = {isa = PBXBuildFile; fileRef = AA0084 /* Reservation.swift */; };
		AA0085 /* VoyageService.swift in Sources */ = {isa = PBXBuildFile; fileRef = AA0086 /* VoyageService.swift */; };
/* End PBXBuildFile section */

/* Begin PBXFileReference section */
		AA0000 /* TravelMate.app */ = {isa = PBXFileReference; explicitFileType = wrapper.application; includeInIndex = 0; path = TravelMate.app; sourceTree = BUILT_PRODUCTS_DIR; };
		AA0002 /* AppDelegate.swift */ = {isa = PBXFileReference; lastKnownFileType = sourcecode.swift; path = AppDelegate.swift; sourceTree = "<group>"; };
		AA0004 /* SceneDelegate.swift */ = {isa = PBXFileReference; lastKnownFileType = sourcecode.swift; path = SceneDelegate.swift; sourceTree = "<group>"; };
		AA0006 /* SplashViewController.swift */ = {isa = PBXFileReference; lastKnownFileType = sourcecode.swift; path = SplashViewController.swift; sourceTree = "<group>"; };
		AA0008 /* LoginViewController.swift */ = {isa = PBXFileReference; lastKnownFileType = sourcecode.swift; path = LoginViewController.swift; sourceTree = "<group>"; };
		AA0010 /* SignupViewController.swift */ = {isa = PBXFileReference; lastKnownFileType = sourcecode.swift; path = SignupViewController.swift; sourceTree = "<group>"; };
		AA0012 /* SignupAgencyViewController.swift */ = {isa = PBXFileReference; lastKnownFileType = sourcecode.swift; path = SignupAgencyViewController.swift; sourceTree = "<group>"; };
		AA0014 /* MainTabBarController.swift */ = {isa = PBXFileReference; lastKnownFileType = sourcecode.swift; path = MainTabBarController.swift; sourceTree = "<group>"; };
		AA0016 /* HomeViewController.swift */ = {isa = PBXFileReference; lastKnownFileType = sourcecode.swift; path = HomeViewController.swift; sourceTree = "<group>"; };
		AA0018 /* InsurancesViewController.swift */ = {isa = PBXFileReference; lastKnownFileType = sourcecode.swift; path = InsurancesViewController.swift; sourceTree = "<group>"; };
		AA0020 /* OffersViewController.swift */ = {isa = PBXFileReference; lastKnownFileType = sourcecode.swift; path = OffersViewController.swift; sourceTree = "<group>"; };
		AA0022 /* GroupsViewController.swift */ = {isa = PBXFileReference; lastKnownFileType = sourcecode.swift; path = GroupsViewController.swift; sourceTree = "<group>"; };
		AA0024 /* ProfileViewController.swift */ = {isa = PBXFileReference; lastKnownFileType = sourcecode.swift; path = ProfileViewController.swift; sourceTree = "<group>"; };
		AA0026 /* AuthService.swift */ = {isa = PBXFileReference; lastKnownFileType = sourcecode.swift; path = AuthService.swift; sourceTree = "<group>"; };
		AA0028 /* NetworkService.swift */ = {isa = PBXFileReference; lastKnownFileType = sourcecode.swift; path = NetworkService.swift; sourceTree = "<group>"; };
		AA0030 /* WebSocketService.swift */ = {isa = PBXFileReference; lastKnownFileType = sourcecode.swift; path = WebSocketService.swift; sourceTree = "<group>"; };
		AA0032 /* User.swift */ = {isa = PBXFileReference; lastKnownFileType = sourcecode.swift; path = User.swift; sourceTree = "<group>"; };
		AA0034 /* Config.swift */ = {isa = PBXFileReference; lastKnownFileType = sourcecode.swift; path = Config.swift; sourceTree = "<group>"; };
		AA0036 /* Extensions.swift */ = {isa = PBXFileReference; lastKnownFileType = sourcecode.swift; path = Extensions.swift; sourceTree = "<group>"; };
		AA0038 /* Validators.swift */ = {isa = PBXFileReference; lastKnownFileType = sourcecode.swift; path = Validators.swift; sourceTree = "<group>"; };
		AA0040 /* Assets.xcassets */ = {isa = PBXFileReference; lastKnownFileType = folder.assetcatalog; path = Assets.xcassets; sourceTree = "<group>"; };
		AA0043 /* Base */ = {isa = PBXFileReference; lastKnownFileType = file.storyboard; name = Base; path = Base.lproj/LaunchScreen.storyboard; sourceTree = "<group>"; };
		AA0046 /* Info.plist */ = {isa = PBXFileReference; lastKnownFileType = text.plist.xml; path = Info.plist; sourceTree = "<group>"; };
		AA0070 /* VoyageListViewController.swift */ = {isa = PBXFileReference; lastKnownFileType = sourcecode.swift; path = VoyageListViewController.swift; sourceTree = "<group>"; };
		AA0072 /* VoyageDetailViewController.swift */ = {isa = PBXFileReference; lastKnownFileType = sourcecode.swift; path = VoyageDetailViewController.swift; sourceTree = "<group>"; };
		AA0074 /* CreateVoyageViewController.swift */ = {isa = PBXFileReference; lastKnownFileType = sourcecode.swift; path = CreateVoyageViewController.swift; sourceTree = "<group>"; };
		AA0076 /* EditVoyageViewController.swift */ = {isa = PBXFileReference; lastKnownFileType = sourcecode.swift; path = EditVoyageViewController.swift; sourceTree = "<group>"; };
		AA0078 /* CreateReservationViewController.swift */ = {isa = PBXFileReference; lastKnownFileType = sourcecode.swift; path = CreateReservationViewController.swift; sourceTree = "<group>"; };
		AA0080 /* ReservationListViewController.swift */ = {isa = PBXFileReference; lastKnownFileType = sourcecode.swift; path = ReservationListViewController.swift; sourceTree = "<group>"; };
		AA0082 /* Voyage.swift */ = {isa = PBXFileReference; lastKnownFileType = sourcecode.swift; path = Voyage.swift; sourceTree = "<group>"; };
		AA0084 /* Reservation.swift */ = {isa = PBXFileReference; lastKnownFileType = sourcecode.swift; path = Reservation.swift; sourceTree = "<group>"; };
		AA0086 /* VoyageService.swift */ = {isa = PBXFileReference; lastKnownFileType = sourcecode.swift; path = VoyageService.swift; sourceTree = "<group>"; };
/* End PBXFileReference section */

/* Begin PBXFrameworksBuildPhase section */
		AA0047 /* Frameworks */ = {
			isa = PBXFrameworksBuildPhase;
			buildActionMask = 2147483647;
			files = (
				AA0045 /* SocketIO in Frameworks */,
			);
			runOnlyForDeploymentPostprocessing = 0;
		};
/* End PBXFrameworksBuildPhase section */

/* Begin PBXGroup section */
		AA0048 /* TravelMate */ = {
			isa = PBXGroup;
			children = (
				AA0046 /* Info.plist */,
				AA0049 /* App */,
				AA0050 /* Scenes */,
				AA0051 /* Services */,
				AA0052 /* Models */,
				AA0053 /* Utils */,
				AA0054 /* Config */,
				AA0055 /* Resources */,
			);
			path = TravelMate;
			sourceTree = "<group>";
		};
		AA0049 /* App */ = {
			isa = PBXGroup;
			children = (
				AA0002 /* AppDelegate.swift */,
				AA0004 /* SceneDelegate.swift */,
			);
			path = App;
			sourceTree = "<group>";
		};
		AA0050 /* Scenes */ = {
			isa = PBXGroup;
			children = (
				AA0006 /* SplashViewController.swift */,
				AA0008 /* LoginViewController.swift */,
				AA0010 /* SignupViewController.swift */,
				AA0012 /* SignupAgencyViewController.swift */,
				AA0014 /* MainTabBarController.swift */,
				AA0016 /* HomeViewController.swift */,
				AA0018 /* InsurancesViewController.swift */,
				AA0020 /* OffersViewController.swift */,
				AA0022 /* GroupsViewController.swift */,
				AA0024 /* ProfileViewController.swift */,
				AA0070 /* VoyageListViewController.swift */,
				AA0072 /* VoyageDetailViewController.swift */,
				AA0074 /* CreateVoyageViewController.swift */,
				AA0076 /* EditVoyageViewController.swift */,
				AA0078 /* CreateReservationViewController.swift */,
				AA0080 /* ReservationListViewController.swift */,
			);
			path = Scenes;
			sourceTree = "<group>";
		};
		AA0051 /* Services */ = {
			isa = PBXGroup;
			children = (
				AA0026 /* AuthService.swift */,
				AA0028 /* NetworkService.swift */,
				AA0030 /* WebSocketService.swift */,
				AA0086 /* VoyageService.swift */,
			);
			path = Services;
			sourceTree = "<group>";
		};
		AA0052 /* Models */ = {
			isa = PBXGroup;
			children = (
				AA0032 /* User.swift */,
				AA0082 /* Voyage.swift */,
				AA0084 /* Reservation.swift */,
			);
			path = Models;
			sourceTree = "<group>";
		};
		AA0053 /* Utils */ = {
			isa = PBXGroup;
			children = (
				AA0036 /* Extensions.swift */,
				AA0038 /* Validators.swift */,
			);
			path = Utils;
			sourceTree = "<group>";
		};
		AA0054 /* Config */ = {
			isa = PBXGroup;
			children = (
				AA0034 /* Config.swift */,
			);
			path = Config;
			sourceTree = "<group>";
		};
		AA0055 /* Resources */ = {
			isa = PBXGroup;
			children = (
				AA0040 /* Assets.xcassets */,
				AA0042 /* LaunchScreen.storyboard */,
			);
			path = Resources;
			sourceTree = "<group>";
		};
		AA0056 = {
			isa = PBXGroup;
			children = (
				AA0048 /* TravelMate */,
				AA0057 /* Products */,
			);
			sourceTree = "<group>";
		};
		AA0057 /* Products */ = {
			isa = PBXGroup;
			children = (
				AA0000 /* TravelMate.app */,
			);
			name = Products;
			sourceTree = "<group>";
		};
/* End PBXGroup section */

/* Begin PBXNativeTarget section */
		AA0058 /* TravelMate */ = {
			isa = PBXNativeTarget;
			buildConfigurationList = AA0059 /* Build configuration list for PBXNativeTarget "TravelMate" */;
			buildPhases = (
				AA0060 /* Sources */,
				AA0047 /* Frameworks */,
				AA0061 /* Resources */,
			);
			buildRules = (
			);
			dependencies = (
			);
			name = TravelMate;
			packageProductDependencies = (
				AA0044 /* SocketIO */,
			);
			productName = TravelMate;
			productReference = AA0000 /* TravelMate.app */;
			productType = "com.apple.product-type.application";
		};
/* End PBXNativeTarget section */

/* Begin PBXProject section */
		AA0062 /* Project object */ = {
			isa = PBXProject;
			attributes = {
				BuildIndependentTargetsInParallel = 1;
				LastSwiftUpdateCheck = 1520;
				LastUpgradeCheck = 1520;
				TargetAttributes = {
					AA0058 = {
						CreatedOnToolsVersion = 15.2;
					};
				};
			};
			buildConfigurationList = AA0063 /* Build configuration list for PBXProject "TravelMate" */;
			compatibilityVersion = "Xcode 14.0";
			developmentRegion = en;
			hasScannedForEncodings = 0;
			knownRegions = (
				en,
				Base,
			);
			mainGroup = AA0056;
			packageReferences = (
				AA0064 /* XCRemoteSwiftPackageReference "socket" */,
			);
			productRefGroup = AA0057 /* Products */;
			projectDirPath = "";
			projectRoot = "";
			targets = (
				AA0058 /* TravelMate */,
			);
		};
/* End PBXProject section */

/* Begin PBXResourcesBuildPhase section */
		AA0061 /* Resources */ = {
			isa = PBXResourcesBuildPhase;
			buildActionMask = 2147483647;
			files = (
				AA0041 /* LaunchScreen.storyboard in Resources */,
				AA0039 /* Assets.xcassets in Resources */,
			);
			runOnlyForDeploymentPostprocessing = 0;
		};
/* End PBXResourcesBuildPhase section */

/* Begin PBXSourcesBuildPhase section */
		AA0060 /* Sources */ = {
			isa = PBXSourcesBuildPhase;
			buildActionMask = 2147483647;
			files = (
				AA0001 /* AppDelegate.swift in Sources */,
				AA0003 /* SceneDelegate.swift in Sources */,
				AA0005 /* SplashViewController.swift in Sources */,
				AA0007 /* LoginViewController.swift in Sources */,
				AA0009 /* SignupViewController.swift in Sources */,
				AA0011 /* SignupAgencyViewController.swift in Sources */,
				AA0013 /* MainTabBarController.swift in Sources */,
				AA0015 /* HomeViewController.swift in Sources */,
				AA0017 /* InsurancesViewController.swift in Sources */,
				AA0019 /* OffersViewController.swift in Sources */,
				AA0021 /* GroupsViewController.swift in Sources */,
				AA0023 /* ProfileViewController.swift in Sources */,
				AA0025 /* AuthService.swift in Sources */,
				AA0027 /* NetworkService.swift in Sources */,
				AA0029 /* WebSocketService.swift in Sources */,
				AA0031 /* User.swift in Sources */,
				AA0033 /* Config.swift in Sources */,
				AA0035 /* Extensions.swift in Sources */,
				AA0037 /* Validators.swift in Sources */,
				AA0069 /* VoyageListViewController.swift in Sources */,
				AA0071 /* VoyageDetailViewController.swift in Sources */,
				AA0073 /* CreateVoyageViewController.swift in Sources */,
				AA0075 /* EditVoyageViewController.swift in Sources */,
				AA0077 /* CreateReservationViewController.swift in Sources */,
				AA0079 /* ReservationListViewController.swift in Sources */,
				AA0081 /* Voyage.swift in Sources */,
				AA0083 /* Reservation.swift in Sources */,
				AA0085 /* VoyageService.swift in Sources */,
			);
			runOnlyForDeploymentPostprocessing = 0;
		};
/* End PBXSourcesBuildPhase section */

/* Begin PBXVariantGroup section */
		AA0042 /* LaunchScreen.storyboard */ = {
			isa = PBXVariantGroup;
			children = (
				AA0043 /* Base */,
			);
			name = LaunchScreen.storyboard;
			sourceTree = "<group>";
		};
/* End PBXVariantGroup section */

/* Begin XCBuildConfiguration section */
		AA0065 /* Debug */ = {
			isa = XCBuildConfiguration;
			buildSettings = {
				ALWAYS_SEARCH_USER_PATHS = NO;
				ASSETCATALOG_COMPILER_GENERATE_SWIFT_ASSET_SYMBOL_EXTENSIONS = YES;
				CLANG_ANALYZER_NONNULL = YES;
				CLANG_ANALYZER_NUMBER_OBJECT_CONVERSION = YES_AGGRESSIVE;
				CLANG_CXX_LANGUAGE_STANDARD = "gnu++20";
				CLANG_ENABLE_MODULES = YES;
				CLANG_ENABLE_OBJC_ARC = YES;
				CLANG_ENABLE_OBJC_WEAK = YES;
				CLANG_WARN_BLOCK_CAPTURE_AUTORELEASING = YES;
				CLANG_WARN_BOOL_CONVERSION = YES;
				CLANG_WARN_COMMA = YES;
				CLANG_WARN_CONSTANT_CONVERSION = YES;
				CLANG_WARN_DEPRECATED_OBJC_IMPLEMENTATIONS = YES;
				CLANG_WARN_DIRECT_OBJC_ISA_USAGE = YES_ERROR;
				CLANG_WARN_DOCUMENTATION_COMMENTS = YES;
				CLANG_WARN_EMPTY_BODY = YES;
				CLANG_WARN_ENUM_CONVERSION = YES;
				CLANG_WARN_INFINITE_RECURSION = YES;
				CLANG_WARN_INT_CONVERSION = YES;
				CLANG_WARN_NON_LITERAL_NULL_CONVERSION = YES;
				CLANG_WARN_OBJC_IMPLICIT_RETAIN_SELF = YES;
				CLANG_WARN_OBJC_LITERAL_CONVERSION = YES;
				CLANG_WARN_OBJC_ROOT_CLASS = YES_ERROR;
				CLANG_WARN_QUOTED_INCLUDE_IN_FRAMEWORK_HEADER = YES;
				CLANG_WARN_RANGE_LOOP_ANALYSIS = YES;
				CLANG_WARN_STRICT_PROTOTYPES = YES;
				CLANG_WARN_SUSPICIOUS_MOVE = YES;
				CLANG_WARN_UNGUARDED_AVAILABILITY = YES_AGGRESSIVE;
				CLANG_WARN_UNREACHABLE_CODE = YES;
				CLANG_WARN__DUPLICATE_METHOD_MATCH = YES;
				COPY_PHASE_STRIP = NO;
				DEBUG_INFORMATION_FORMAT = dwarf;
				ENABLE_STRICT_OBJC_MSGSEND = YES;
				ENABLE_TESTABILITY = YES;
				ENABLE_USER_SCRIPT_SANDBOXING = YES;
				GCC_C_LANGUAGE_STANDARD = gnu17;
				GCC_DYNAMIC_NO_PIC = NO;
				GCC_NO_COMMON_BLOCKS = YES;
				GCC_OPTIMIZATION_LEVEL = 0;
				GCC_PREPROCESSOR_DEFINITIONS = (
					"DEBUG=1",
					"$(inherited)",
				);
				GCC_WARN_64_TO_32_BIT_CONVERSION = YES;
				GCC_WARN_ABOUT_RETURN_TYPE = YES_ERROR;
				GCC_WARN_UNDECLARED_SELECTOR = YES;
				GCC_WARN_UNINITIALIZED_AUTOS = YES_AGGRESSIVE;
				GCC_WARN_UNUSED_FUNCTION = YES;
				GCC_WARN_UNUSED_VARIABLE = YES;
				IPHONEOS_DEPLOYMENT_TARGET = 15.0;
				LOCALIZATION_PREFERS_STRING_CATALOGS = YES;
				MTL_ENABLE_DEBUG_INFO = INCLUDE_SOURCE;
				MTL_FAST_MATH = YES;
				ONLY_ACTIVE_ARCH = YES;
				SDKROOT = iphoneos;
				SWIFT_ACTIVE_COMPILATION_CONDITIONS = "DEBUG $(inherited)";
				SWIFT_OPTIMIZATION_LEVEL = "-Onone";
			};
			name = Debug;
		};
		AA0066 /* Release */ = {
			isa = XCBuildConfiguration;
			buildSettings = {
				ALWAYS_SEARCH_USER_PATHS = NO;
				ASSETCATALOG_COMPILER_GENERATE_SWIFT_ASSET_SYMBOL_EXTENSIONS = YES;
				CLANG_ANALYZER_NONNULL = YES;
				CLANG_ANALYZER_NUMBER_OBJECT_CONVERSION = YES_AGGRESSIVE;
				CLANG_CXX_LANGUAGE_STANDARD = "gnu++20";
				CLANG_ENABLE_MODULES = YES;
				CLANG_ENABLE_OBJC_ARC = YES;
				CLANG_ENABLE_OBJC_WEAK = YES;
				CLANG_WARN_BLOCK_CAPTURE_AUTORELEASING = YES;
				CLANG_WARN_BOOL_CONVERSION = YES;
				CLANG_WARN_COMMA = YES;
				CLANG_WARN_CONSTANT_CONVERSION = YES;
				CLANG_WARN_DEPRECATED_OBJC_IMPLEMENTATIONS = YES;
				CLANG_WARN_DIRECT_OBJC_ISA_USAGE = YES_ERROR;
				CLANG_WARN_DOCUMENTATION_COMMENTS = YES;
				CLANG_WARN_EMPTY_BODY = YES;
				CLANG_WARN_ENUM_CONVERSION = YES;
				CLANG_WARN_INFINITE_RECURSION = YES;
				CLANG_WARN_INT_CONVERSION = YES;
				CLANG_WARN_NON_LITERAL_NULL_CONVERSION = YES;
				CLANG_WARN_OBJC_IMPLICIT_RETAIN_SELF = YES;
				CLANG_WARN_OBJC_LITERAL_CONVERSION = YES;
				CLANG_WARN_OBJC_ROOT_CLASS = YES_ERROR;
				CLANG_WARN_QUOTED_INCLUDE_IN_FRAMEWORK_HEADER = YES;
				CLANG_WARN_RANGE_LOOP_ANALYSIS = YES;
				CLANG_WARN_STRICT_PROTOTYPES = YES;
				CLANG_WARN_SUSPICIOUS_MOVE = YES;
				CLANG_WARN_UNGUARDED_AVAILABILITY = YES_AGGRESSIVE;
				CLANG_WARN_UNREACHABLE_CODE = YES;
				CLANG_WARN__DUPLICATE_METHOD_MATCH = YES;
				COPY_PHASE_STRIP = NO;
				DEBUG_INFORMATION_FORMAT = "dwarf-with-dsym";
				ENABLE_NS_ASSERTIONS = NO;
				ENABLE_STRICT_OBJC_MSGSEND = YES;
				ENABLE_USER_SCRIPT_SANDBOXING = YES;
				GCC_C_LANGUAGE_STANDARD = gnu17;
				GCC_NO_COMMON_BLOCKS = YES;
				GCC_WARN_64_TO_32_BIT_CONVERSION = YES;
				GCC_WARN_ABOUT_RETURN_TYPE = YES_ERROR;
				GCC_WARN_UNDECLARED_SELECTOR = YES;
				GCC_WARN_UNINITIALIZED_AUTOS = YES_AGGRESSIVE;
				GCC_WARN_UNUSED_FUNCTION = YES;
				GCC_WARN_UNUSED_VARIABLE = YES;
				IPHONEOS_DEPLOYMENT_TARGET = 15.0;
				LOCALIZATION_PREFERS_STRING_CATALOGS = YES;
				MTL_ENABLE_DEBUG_INFO = NO;
				MTL_FAST_MATH = YES;
				SDKROOT = iphoneos;
				SWIFT_COMPILATION_MODE = wholemodule;
				VALIDATE_PRODUCT = YES;
			};
			name = Release;
		};
		AA0067 /* Debug */ = {
			isa = XCBuildConfiguration;
			buildSettings = {
				ASSETCATALOG_COMPILER_APPICON_NAME = AppIcon;
				ASSETCATALOG_COMPILER_GLOBAL_ACCENT_COLOR_NAME = AccentColor;
				CODE_SIGN_STYLE = Automatic;
				CURRENT_PROJECT_VERSION = 1;
				DEVELOPMENT_TEAM = "";
				GENERATE_INFOPLIST_FILE = NO;
				INFOPLIST_FILE = TravelMate/Info.plist;
				INFOPLIST_KEY_UIApplicationSupportsIndirectInputEvents = YES;
				INFOPLIST_KEY_UILaunchStoryboardName = LaunchScreen;
				INFOPLIST_KEY_UISupportedInterfaceOrientations = UIInterfaceOrientationPortrait;
				INFOPLIST_KEY_UISupportedInterfaceOrientations_iPad = "UIInterfaceOrientationLandscapeLeft UIInterfaceOrientationLandscapeRight UIInterfaceOrientationPortrait UIInterfaceOrientationPortraitUpsideDown";
				IPHONEOS_DEPLOYMENT_TARGET = 15.0;
				LD_RUNPATH_SEARCH_PATHS = (
					"$(inherited)",
					"@executable_path/Frameworks",
				);
				MARKETING_VERSION = 1.0;
				PRODUCT_BUNDLE_IDENTIFIER = com.travelmate.app;
				PRODUCT_NAME = "$(TARGET_NAME)";
				SUPPORTED_PLATFORMS = "iphoneos iphonesimulator";
				SUPPORTS_MACCATALYST = NO;
				SUPPORTS_MAC_DESIGNED_FOR_IPHONE_IPAD = NO;
				SUPPORTS_XR_DESIGNED_FOR_IPHONE_IPAD = NO;
				SWIFT_EMIT_LOC_STRINGS = YES;
				SWIFT_VERSION = 5.0;
				TARGETED_DEVICE_FAMILY = "1,2";
			};
			name = Debug;
		};
		AA0068 /* Release */ = {
			isa = XCBuildConfiguration;
			buildSettings = {
				ASSETCATALOG_COMPILER_APPICON_NAME = AppIcon;
				ASSETCATALOG_COMPILER_GLOBAL_ACCENT_COLOR_NAME = AccentColor;
				CODE_SIGN_STYLE = Automatic;
				CURRENT_PROJECT_VERSION = 1;
				DEVELOPMENT_TEAM = "";
				GENERATE_INFOPLIST_FILE = NO;
				INFOPLIST_FILE = TravelMate/Info.plist;
				INFOPLIST_KEY_UIApplicationSupportsIndirectInputEvents = YES;
				INFOPLIST_KEY_UILaunchStoryboardName = LaunchScreen;
				INFOPLIST_KEY_UISupportedInterfaceOrientations = UIInterfaceOrientationPortrait;
				INFOPLIST_KEY_UISupportedInterfaceOrientations_iPad = "UIInterfaceOrientationLandscapeLeft UIInterfaceOrientationLandscapeRight UIInterfaceOrientationPortrait UIInterfaceOrientationPortraitUpsideDown";
				IPHONEOS_DEPLOYMENT_TARGET = 15.0;
				LD_RUNPATH_SEARCH_PATHS = (
					"$(inherited)",
					"@executable_path/Frameworks",
				);
				MARKETING_VERSION = 1.0;
				PRODUCT_BUNDLE_IDENTIFIER = com.travelmate.app;
				PRODUCT_NAME = "$(TARGET_NAME)";
				SUPPORTED_PLATFORMS = "iphoneos iphonesimulator";
				SUPPORTS_MACCATALYST = NO;
				SUPPORTS_MAC_DESIGNED_FOR_IPHONE_IPAD = NO;
				SUPPORTS_XR_DESIGNED_FOR_IPHONE_IPAD = NO;
				SWIFT_EMIT_LOC_STRINGS = YES;
				SWIFT_VERSION = 5.0;
				TARGETED_DEVICE_FAMILY = "1,2";
			};
			name = Release;
		};
/* End XCBuildConfiguration section */

/* Begin XCConfigurationList section */
		AA0059 /* Build configuration list for PBXNativeTarget "TravelMate" */ = {
			isa = XCConfigurationList;
			buildConfigurations = (
				AA0067 /* Debug */,
				AA0068 /* Release */,
			);
			defaultConfigurationIsVisible = 0;
			defaultConfigurationName = Release;
		};
		AA0063 /* Build configuration list for PBXProject "TravelMate" */ = {
			isa = XCConfigurationList;
			buildConfigurations = (
				AA0065 /* Debug */,
				AA0066 /* Release */,
			);
			defaultConfigurationIsVisible = 0;
			defaultConfigurationName = Release;
		};
/* End XCConfigurationList section */

/* Begin XCRemoteSwiftPackageReference section */
		AA0064 /* XCRemoteSwiftPackageReference "socket" */ = {
			isa = XCRemoteSwiftPackageReference;
			repositoryURL = "https://github.com/socketio/socket.io-client-swift";
			requirement = {
				kind = upToNextMajorVersion;
				minimumVersion = 16.0.0;
			};
		};
/* End XCRemoteSwiftPackageReference section */

/* Begin XCSwiftPackageProductDependency section */
		AA0044 /* SocketIO */ = {
			isa = XCSwiftPackageProductDependency;
			package = AA0064 /* XCRemoteSwiftPackageReference "socket" */;
			productName = SocketIO;
		};
/* End XCSwiftPackageProductDependency section */
	};
	rootObject = AA0062 /* Project object */;
}
